// !$*UTF8*$!
{
	archiveVersion = 1;
	classes = {
	};
	objectVersion = 46;
	objects = {

/* Begin PBXBuildFile section */
		BEEF33611989CC350003FEFF /* Foundation.framework in Frameworks */ = {isa = PBXBuildFile; fileRef = BEEF33601989CC350003FEFF /* Foundation.framework */; };
		BEEF33631989CC350003FEFF /* CoreGraphics.framework in Frameworks */ = {isa = PBXBuildFile; fileRef = BEEF33621989CC350003FEFF /* CoreGraphics.framework */; };
		BEEF33651989CC350003FEFF /* UIKit.framework in Frameworks */ = {isa = PBXBuildFile; fileRef = BEEF33641989CC350003FEFF /* UIKit.framework */; };
		BEEF336B1989CC350003FEFF /* InfoPlist.strings in Resources */ = {isa = PBXBuildFile; fileRef = BEEF33691989CC350003FEFF /* InfoPlist.strings */; };
		BEEF336D1989CC350003FEFF /* main.m in Sources */ = {isa = PBXBuildFile; fileRef = BEEF336C1989CC350003FEFF /* main.m */; };
		BEEF33711989CC350003FEFF /* AppDelegate.m in Sources */ = {isa = PBXBuildFile; fileRef = BEEF33701989CC350003FEFF /* AppDelegate.m */; };
		BEEF33741989CC350003FEFF /* Main.storyboard in Resources */ = {isa = PBXBuildFile; fileRef = BEEF33721989CC350003FEFF /* Main.storyboard */; };
		BEEF33771989CC350003FEFF /* ViewController.m in Sources */ = {isa = PBXBuildFile; fileRef = BEEF33761989CC350003FEFF /* ViewController.m */; };
		BEEF33791989CC350003FEFF /* Images.xcassets in Resources */ = {isa = PBXBuildFile; fileRef = BEEF33781989CC350003FEFF /* Images.xcassets */; };
		BEEF33801989CC350003FEFF /* XCTest.framework in Frameworks */ = {isa = PBXBuildFile; fileRef = BEEF337F1989CC350003FEFF /* XCTest.framework */; };
		BEEF33811989CC350003FEFF /* Foundation.framework in Frameworks */ = {isa = PBXBuildFile; fileRef = BEEF33601989CC350003FEFF /* Foundation.framework */; };
		BEEF33821989CC350003FEFF /* UIKit.framework in Frameworks */ = {isa = PBXBuildFile; fileRef = BEEF33641989CC350003FEFF /* UIKit.framework */; };
		BEEF338A1989CC350003FEFF /* InfoPlist.strings in Resources */ = {isa = PBXBuildFile; fileRef = BEEF33881989CC350003FEFF /* InfoPlist.strings */; };
		BEEF338C1989CC350003FEFF /* Tap_MeTests.m in Sources */ = {isa = PBXBuildFile; fileRef = BEEF338B1989CC350003FEFF /* Tap_MeTests.m */; };
		BEEF33A6198A8FB80003FEFF /* bg_tile.png in Resources */ = {isa = PBXBuildFile; fileRef = BEEF3395198A8FB80003FEFF /* bg_tile.png */; };
		BEEF33A7198A8FB80003FEFF /* bg_tile@2x.png in Resources */ = {isa = PBXBuildFile; fileRef = BEEF3396198A8FB80003FEFF /* bg_tile@2x.png */; };
		BEEF33A8198A8FB80003FEFF /* button_tap_deselected.png in Resources */ = {isa = PBXBuildFile; fileRef = BEEF3397198A8FB80003FEFF /* button_tap_deselected.png */; };
		BEEF33A9198A8FB80003FEFF /* button_tap_deselected@2x.png in Resources */ = {isa = PBXBuildFile; fileRef = BEEF3398198A8FB80003FEFF /* button_tap_deselected@2x.png */; };
		BEEF33AA198A8FB80003FEFF /* button_tap_selected.png in Resources */ = {isa = PBXBuildFile; fileRef = BEEF3399198A8FB80003FEFF /* button_tap_selected.png */; };
		BEEF33AB198A8FB80003FEFF /* button_tap_selected@2x.png in Resources */ = {isa = PBXBuildFile; fileRef = BEEF339A198A8FB80003FEFF /* button_tap_selected@2x.png */; };
		BEEF33AC198A8FB80003FEFF /* ButtonTap.wav in Resources */ = {isa = PBXBuildFile; fileRef = BEEF339B198A8FB80003FEFF /* ButtonTap.wav */; };
		BEEF33AD198A8FB80003FEFF /* checker_bottom.png in Resources */ = {isa = PBXBuildFile; fileRef = BEEF339C198A8FB80003FEFF /* checker_bottom.png */; };
		BEEF33AE198A8FB80003FEFF /* checker_bottom@2x.png in Resources */ = {isa = PBXBuildFile; fileRef = BEEF339D198A8FB80003FEFF /* checker_bottom@2x.png */; };
		BEEF33AF198A8FB80003FEFF /* checker_top.png in Resources */ = {isa = PBXBuildFile; fileRef = BEEF339E198A8FB80003FEFF /* checker_top.png */; };
		BEEF33B0198A8FB80003FEFF /* checker_top@2x.png in Resources */ = {isa = PBXBuildFile; fileRef = BEEF339F198A8FB80003FEFF /* checker_top@2x.png */; };
		BEEF33B1198A8FB80003FEFF /* field_score.png in Resources */ = {isa = PBXBuildFile; fileRef = BEEF33A0198A8FB80003FEFF /* field_score.png */; };
		BEEF33B2198A8FB80003FEFF /* field_score@2x.png in Resources */ = {isa = PBXBuildFile; fileRef = BEEF33A1198A8FB80003FEFF /* field_score@2x.png */; };
		BEEF33B3198A8FB80003FEFF /* field_time.png in Resources */ = {isa = PBXBuildFile; fileRef = BEEF33A2198A8FB80003FEFF /* field_time.png */; };
		BEEF33B4198A8FB80003FEFF /* field_time@2x.png in Resources */ = {isa = PBXBuildFile; fileRef = BEEF33A3198A8FB80003FEFF /* field_time@2x.png */; };
		BEEF33B5198A8FB80003FEFF /* HallOfTheMountainKing.mp3 in Resources */ = {isa = PBXBuildFile; fileRef = BEEF33A4198A8FB80003FEFF /* HallOfTheMountainKing.mp3 */; };
		BEEF33B6198A8FB80003FEFF /* SecondBeep.wav in Resources */ = {isa = PBXBuildFile; fileRef = BEEF33A5198A8FB80003FEFF /* SecondBeep.wav */; };
		BEEF33B8198A94640003FEFF /* AVFoundation.framework in Frameworks */ = {isa = PBXBuildFile; fileRef = BEEF33B7198A94640003FEFF /* AVFoundation.framework */; };
		BEEF33BE198C10170003FEFF /* Default.png in Resources */ = {isa = PBXBuildFile; fileRef = BEEF33BD198C10170003FEFF /* Default.png */; };
/* End PBXBuildFile section */

/* Begin PBXContainerItemProxy section */
		BEEF33831989CC350003FEFF /* PBXContainerItemProxy */ = {
			isa = PBXContainerItemProxy;
			containerPortal = BEEF33551989CC350003FEFF /* Project object */;
			proxyType = 1;
			remoteGlobalIDString = BEEF335C1989CC350003FEFF;
			remoteInfo = "Tap Me";
		};
/* End PBXContainerItemProxy section */

/* Begin PBXFileReference section */
		BEEF335D1989CC350003FEFF /* Tap Me.app */ = {isa = PBXFileReference; explicitFileType = wrapper.application; includeInIndex = 0; path = "Tap Me.app"; sourceTree = BUILT_PRODUCTS_DIR; };
		BEEF33601989CC350003FEFF /* Foundation.framework */ = {isa = PBXFileReference; lastKnownFileType = wrapper.framework; name = Foundation.framework; path = System/Library/Frameworks/Foundation.framework; sourceTree = SDKROOT; };
		BEEF33621989CC350003FEFF /* CoreGraphics.framework */ = {isa = PBXFileReference; lastKnownFileType = wrapper.framework; name = CoreGraphics.framework; path = System/Library/Frameworks/CoreGraphics.framework; sourceTree = SDKROOT; };
		BEEF33641989CC350003FEFF /* UIKit.framework */ = {isa = PBXFileReference; lastKnownFileType = wrapper.framework; name = UIKit.framework; path = System/Library/Frameworks/UIKit.framework; sourceTree = SDKROOT; };
		BEEF33681989CC350003FEFF /* Tap Me-Info.plist */ = {isa = PBXFileReference; lastKnownFileType = text.plist.xml; path = "Tap Me-Info.plist"; sourceTree = "<group>"; };
		BEEF336A1989CC350003FEFF /* en */ = {isa = PBXFileReference; lastKnownFileType = text.plist.strings; name = en; path = en.lproj/InfoPlist.strings; sourceTree = "<group>"; };
		BEEF336C1989CC350003FEFF /* main.m */ = {isa = PBXFileReference; lastKnownFileType = sourcecode.c.objc; path = main.m; sourceTree = "<group>"; };
		BEEF336E1989CC350003FEFF /* Tap Me-Prefix.pch */ = {isa = PBXFileReference; lastKnownFileType = sourcecode.c.h; path = "Tap Me-Prefix.pch"; sourceTree = "<group>"; };
		BEEF336F1989CC350003FEFF /* AppDelegate.h */ = {isa = PBXFileReference; lastKnownFileType = sourcecode.c.h; path = AppDelegate.h; sourceTree = "<group>"; };
		BEEF33701989CC350003FEFF /* AppDelegate.m */ = {isa = PBXFileReference; lastKnownFileType = sourcecode.c.objc; path = AppDelegate.m; sourceTree = "<group>"; };
		BEEF33731989CC350003FEFF /* Base */ = {isa = PBXFileReference; lastKnownFileType = file.storyboard; name = Base; path = Base.lproj/Main.storyboard; sourceTree = "<group>"; };
		BEEF33751989CC350003FEFF /* ViewController.h */ = {isa = PBXFileReference; lastKnownFileType = sourcecode.c.h; path = ViewController.h; sourceTree = "<group>"; };
		BEEF33761989CC350003FEFF /* ViewController.m */ = {isa = PBXFileReference; lastKnownFileType = sourcecode.c.objc; path = ViewController.m; sourceTree = "<group>"; };
		BEEF33781989CC350003FEFF /* Images.xcassets */ = {isa = PBXFileReference; lastKnownFileType = folder.assetcatalog; path = Images.xcassets; sourceTree = "<group>"; };
		BEEF337E1989CC350003FEFF /* Tap MeTests.xctest */ = {isa = PBXFileReference; explicitFileType = wrapper.cfbundle; includeInIndex = 0; path = "Tap MeTests.xctest"; sourceTree = BUILT_PRODUCTS_DIR; };
		BEEF337F1989CC350003FEFF /* XCTest.framework */ = {isa = PBXFileReference; lastKnownFileType = wrapper.framework; name = XCTest.framework; path = Library/Frameworks/XCTest.framework; sourceTree = DEVELOPER_DIR; };
		BEEF33871989CC350003FEFF /* Tap MeTests-Info.plist */ = {isa = PBXFileReference; lastKnownFileType = text.plist.xml; path = "Tap MeTests-Info.plist"; sourceTree = "<group>"; };
		BEEF33891989CC350003FEFF /* en */ = {isa = PBXFileReference; lastKnownFileType = text.plist.strings; name = en; path = en.lproj/InfoPlist.strings; sourceTree = "<group>"; };
		BEEF338B1989CC350003FEFF /* Tap_MeTests.m */ = {isa = PBXFileReference; lastKnownFileType = sourcecode.c.objc; path = Tap_MeTests.m; sourceTree = "<group>"; };
		BEEF3395198A8FB80003FEFF /* bg_tile.png */ = {isa = PBXFileReference; lastKnownFileType = image.png; path = bg_tile.png; sourceTree = "<group>"; };
		BEEF3396198A8FB80003FEFF /* bg_tile@2x.png */ = {isa = PBXFileReference; lastKnownFileType = image.png; path = "bg_tile@2x.png"; sourceTree = "<group>"; };
		BEEF3397198A8FB80003FEFF /* button_tap_deselected.png */ = {isa = PBXFileReference; lastKnownFileType = image.png; path = button_tap_deselected.png; sourceTree = "<group>"; };
		BEEF3398198A8FB80003FEFF /* button_tap_deselected@2x.png */ = {isa = PBXFileReference; lastKnownFileType = image.png; path = "button_tap_deselected@2x.png"; sourceTree = "<group>"; };
		BEEF3399198A8FB80003FEFF /* button_tap_selected.png */ = {isa = PBXFileReference; lastKnownFileType = image.png; path = button_tap_selected.png; sourceTree = "<group>"; };
		BEEF339A198A8FB80003FEFF /* button_tap_selected@2x.png */ = {isa = PBXFileReference; lastKnownFileType = image.png; path = "button_tap_selected@2x.png"; sourceTree = "<group>"; };
		BEEF339B198A8FB80003FEFF /* ButtonTap.wav */ = {isa = PBXFileReference; lastKnownFileType = audio.wav; path = ButtonTap.wav; sourceTree = "<group>"; };
		BEEF339C198A8FB80003FEFF /* checker_bottom.png */ = {isa = PBXFileReference; lastKnownFileType = image.png; path = checker_bottom.png; sourceTree = "<group>"; };
		BEEF339D198A8FB80003FEFF /* checker_bottom@2x.png */ = {isa = PBXFileReference; lastKnownFileType = image.png; path = "checker_bottom@2x.png"; sourceTree = "<group>"; };
		BEEF339E198A8FB80003FEFF /* checker_top.png */ = {isa = PBXFileReference; lastKnownFileType = image.png; path = checker_top.png; sourceTree = "<group>"; };
		BEEF339F198A8FB80003FEFF /* checker_top@2x.png */ = {isa = PBXFileReference; lastKnownFileType = image.png; path = "checker_top@2x.png"; sourceTree = "<group>"; };
		BEEF33A0198A8FB80003FEFF /* field_score.png */ = {isa = PBXFileReference; lastKnownFileType = image.png; path = field_score.png; sourceTree = "<group>"; };
		BEEF33A1198A8FB80003FEFF /* field_score@2x.png */ = {isa = PBXFileReference; lastKnownFileType = image.png; path = "field_score@2x.png"; sourceTree = "<group>"; };
		BEEF33A2198A8FB80003FEFF /* field_time.png */ = {isa = PBXFileReference; lastKnownFileType = image.png; path = field_time.png; sourceTree = "<group>"; };
		BEEF33A3198A8FB80003FEFF /* field_time@2x.png */ = {isa = PBXFileReference; lastKnownFileType = image.png; path = "field_time@2x.png"; sourceTree = "<group>"; };
		BEEF33A4198A8FB80003FEFF /* HallOfTheMountainKing.mp3 */ = {isa = PBXFileReference; lastKnownFileType = audio.mp3; path = HallOfTheMountainKing.mp3; sourceTree = "<group>"; };
		BEEF33A5198A8FB80003FEFF /* SecondBeep.wav */ = {isa = PBXFileReference; lastKnownFileType = audio.wav; path = SecondBeep.wav; sourceTree = "<group>"; };
		BEEF33B7198A94640003FEFF /* AVFoundation.framework */ = {isa = PBXFileReference; lastKnownFileType = wrapper.framework; name = AVFoundation.framework; path = System/Library/Frameworks/AVFoundation.framework; sourceTree = SDKROOT; };
		BEEF33BD198C10170003FEFF /* Default.png */ = {isa = PBXFileReference; lastKnownFileType = image.png; name = Default.png; path = ../../../Default.png; sourceTree = "<group>"; };
/* End PBXFileReference section */

/* Begin PBXFrameworksBuildPhase section */
		BEEF335A1989CC350003FEFF /* Frameworks */ = {
			isa = PBXFrameworksBuildPhase;
			buildActionMask = 2147483647;
			files = (
				BEEF33B8198A94640003FEFF /* AVFoundation.framework in Frameworks */,
				BEEF33631989CC350003FEFF /* CoreGraphics.framework in Frameworks */,
				BEEF33651989CC350003FEFF /* UIKit.framework in Frameworks */,
				BEEF33611989CC350003FEFF /* Foundation.framework in Frameworks */,
			);
			runOnlyForDeploymentPostprocessing = 0;
		};
		BEEF337B1989CC350003FEFF /* Frameworks */ = {
			isa = PBXFrameworksBuildPhase;
			buildActionMask = 2147483647;
			files = (
				BEEF33801989CC350003FEFF /* XCTest.framework in Frameworks */,
				BEEF33821989CC350003FEFF /* UIKit.framework in Frameworks */,
				BEEF33811989CC350003FEFF /* Foundation.framework in Frameworks */,
			);
			runOnlyForDeploymentPostprocessing = 0;
		};
/* End PBXFrameworksBuildPhase section */

/* Begin PBXGroup section */
		BEEF33541989CC350003FEFF = {
			isa = PBXGroup;
			children = (
				BEEF33BD198C10170003FEFF /* Default.png */,
				BEEF33661989CC350003FEFF /* Tap Me */,
				BEEF33851989CC350003FEFF /* Tap MeTests */,
				BEEF335F1989CC350003FEFF /* Frameworks */,
				BEEF335E1989CC350003FEFF /* Products */,
			);
			sourceTree = "<group>";
		};
		BEEF335E1989CC350003FEFF /* Products */ = {
			isa = PBXGroup;
			children = (
				BEEF335D1989CC350003FEFF /* Tap Me.app */,
				BEEF337E1989CC350003FEFF /* Tap MeTests.xctest */,
			);
			name = Products;
			sourceTree = "<group>";
		};
		BEEF335F1989CC350003FEFF /* Frameworks */ = {
			isa = PBXGroup;
			children = (
				BEEF33B7198A94640003FEFF /* AVFoundation.framework */,
				BEEF33601989CC350003FEFF /* Foundation.framework */,
				BEEF33621989CC350003FEFF /* CoreGraphics.framework */,
				BEEF33641989CC350003FEFF /* UIKit.framework */,
				BEEF337F1989CC350003FEFF /* XCTest.framework */,
			);
			name = Frameworks;
			sourceTree = "<group>";
		};
		BEEF33661989CC350003FEFF /* Tap Me */ = {
			isa = PBXGroup;
			children = (
				BEEF336F1989CC350003FEFF /* AppDelegate.h */,
				BEEF33701989CC350003FEFF /* AppDelegate.m */,
				BEEF33721989CC350003FEFF /* Main.storyboard */,
				BEEF33751989CC350003FEFF /* ViewController.h */,
				BEEF33761989CC350003FEFF /* ViewController.m */,
				BEEF33781989CC350003FEFF /* Images.xcassets */,
				BEEF33671989CC350003FEFF /* Supporting Files */,
			);
			path = "Tap Me";
			sourceTree = "<group>";
		};
		BEEF33671989CC350003FEFF /* Supporting Files */ = {
			isa = PBXGroup;
			children = (
				BEEF3395198A8FB80003FEFF /* bg_tile.png */,
				BEEF3396198A8FB80003FEFF /* bg_tile@2x.png */,
				BEEF3397198A8FB80003FEFF /* button_tap_deselected.png */,
				BEEF3398198A8FB80003FEFF /* button_tap_deselected@2x.png */,
				BEEF3399198A8FB80003FEFF /* button_tap_selected.png */,
				BEEF339A198A8FB80003FEFF /* button_tap_selected@2x.png */,
				BEEF339B198A8FB80003FEFF /* ButtonTap.wav */,
				BEEF339C198A8FB80003FEFF /* checker_bottom.png */,
				BEEF339D198A8FB80003FEFF /* checker_bottom@2x.png */,
				BEEF339E198A8FB80003FEFF /* checker_top.png */,
				BEEF339F198A8FB80003FEFF /* checker_top@2x.png */,
				BEEF33A0198A8FB80003FEFF /* field_score.png */,
				BEEF33A1198A8FB80003FEFF /* field_score@2x.png */,
				BEEF33A2198A8FB80003FEFF /* field_time.png */,
				BEEF33A3198A8FB80003FEFF /* field_time@2x.png */,
				BEEF33A4198A8FB80003FEFF /* HallOfTheMountainKing.mp3 */,
				BEEF33A5198A8FB80003FEFF /* SecondBeep.wav */,
				BEEF33681989CC350003FEFF /* Tap Me-Info.plist */,
				BEEF33691989CC350003FEFF /* InfoPlist.strings */,
				BEEF336C1989CC350003FEFF /* main.m */,
				BEEF336E1989CC350003FEFF /* Tap Me-Prefix.pch */,
			);
			name = "Supporting Files";
			sourceTree = "<group>";
		};
		BEEF33851989CC350003FEFF /* Tap MeTests */ = {
			isa = PBXGroup;
			children = (
				BEEF338B1989CC350003FEFF /* Tap_MeTests.m */,
				BEEF33861989CC350003FEFF /* Supporting Files */,
			);
			path = "Tap MeTests";
			sourceTree = "<group>";
		};
		BEEF33861989CC350003FEFF /* Supporting Files */ = {
			isa = PBXGroup;
			children = (
				BEEF33871989CC350003FEFF /* Tap MeTests-Info.plist */,
				BEEF33881989CC350003FEFF /* InfoPlist.strings */,
			);
			name = "Supporting Files";
			sourceTree = "<group>";
		};
/* End PBXGroup section */

/* Begin PBXNativeTarget section */
		BEEF335C1989CC350003FEFF /* Tap Me */ = {
			isa = PBXNativeTarget;
			buildConfigurationList = BEEF338F1989CC350003FEFF /* Build configuration list for PBXNativeTarget "Tap Me" */;
			buildPhases = (
				BEEF33591989CC350003FEFF /* Sources */,
				BEEF335A1989CC350003FEFF /* Frameworks */,
				BEEF335B1989CC350003FEFF /* Resources */,
			);
			buildRules = (
			);
			dependencies = (
			);
			name = "Tap Me";
			productName = "Tap Me";
			productReference = BEEF335D1989CC350003FEFF /* Tap Me.app */;
			productType = "com.apple.product-type.application";
		};
		BEEF337D1989CC350003FEFF /* Tap MeTests */ = {
			isa = PBXNativeTarget;
			buildConfigurationList = BEEF33921989CC350003FEFF /* Build configuration list for PBXNativeTarget "Tap MeTests" */;
			buildPhases = (
				BEEF337A1989CC350003FEFF /* Sources */,
				BEEF337B1989CC350003FEFF /* Frameworks */,
				BEEF337C1989CC350003FEFF /* Resources */,
			);
			buildRules = (
			);
			dependencies = (
				BEEF33841989CC350003FEFF /* PBXTargetDependency */,
			);
			name = "Tap MeTests";
			productName = "Tap MeTests";
			productReference = BEEF337E1989CC350003FEFF /* Tap MeTests.xctest */;
			productType = "com.apple.product-type.bundle.unit-test";
		};
/* End PBXNativeTarget section */

/* Begin PBXProject section */
		BEEF33551989CC350003FEFF /* Project object */ = {
			isa = PBXProject;
			attributes = {
				LastUpgradeCheck = 0510;
				ORGANIZATIONNAME = jobron;
				TargetAttributes = {
					BEEF337D1989CC350003FEFF = {
						TestTargetID = BEEF335C1989CC350003FEFF;
					};
				};
			};
			buildConfigurationList = BEEF33581989CC350003FEFF /* Build configuration list for PBXProject "Tap Me" */;
			compatibilityVersion = "Xcode 3.2";
			developmentRegion = English;
			hasScannedForEncodings = 0;
			knownRegions = (
				en,
				Base,
			);
			mainGroup = BEEF33541989CC350003FEFF;
			productRefGroup = BEEF335E1989CC350003FEFF /* Products */;
			projectDirPath = "";
			projectRoot = "";
			targets = (
				BEEF335C1989CC350003FEFF /* Tap Me */,
				BEEF337D1989CC350003FEFF /* Tap MeTests */,
			);
		};
/* End PBXProject section */

/* Begin PBXResourcesBuildPhase section */
		BEEF335B1989CC350003FEFF /* Resources */ = {
			isa = PBXResourcesBuildPhase;
			buildActionMask = 2147483647;
			files = (
				BEEF33A6198A8FB80003FEFF /* bg_tile.png in Resources */,
				BEEF33791989CC350003FEFF /* Images.xcassets in Resources */,
				BEEF33B4198A8FB80003FEFF /* field_time@2x.png in Resources */,
				BEEF33AA198A8FB80003FEFF /* button_tap_selected.png in Resources */,
				BEEF33BE198C10170003FEFF /* Default.png in Resources */,
				BEEF336B1989CC350003FEFF /* InfoPlist.strings in Resources */,
				BEEF33AB198A8FB80003FEFF /* button_tap_selected@2x.png in Resources */,
				BEEF33B6198A8FB80003FEFF /* SecondBeep.wav in Resources */,
				BEEF33A8198A8FB80003FEFF /* button_tap_deselected.png in Resources */,
				BEEF33B0198A8FB80003FEFF /* checker_top@2x.png in Resources */,
				BEEF33741989CC350003FEFF /* Main.storyboard in Resources */,
				BEEF33AD198A8FB80003FEFF /* checker_bottom.png in Resources */,
				BEEF33AF198A8FB80003FEFF /* checker_top.png in Resources */,
				BEEF33A9198A8FB80003FEFF /* button_tap_deselected@2x.png in Resources */,
				BEEF33B1198A8FB80003FEFF /* field_score.png in Resources */,
				BEEF33B3198A8FB80003FEFF /* field_time.png in Resources */,
				BEEF33AC198A8FB80003FEFF /* ButtonTap.wav in Resources */,
				BEEF33A7198A8FB80003FEFF /* bg_tile@2x.png in Resources */,
				BEEF33B2198A8FB80003FEFF /* field_score@2x.png in Resources */,
				BEEF33AE198A8FB80003FEFF /* checker_bottom@2x.png in Resources */,
				BEEF33B5198A8FB80003FEFF /* HallOfTheMountainKing.mp3 in Resources */,
			);
			runOnlyForDeploymentPostprocessing = 0;
		};
		BEEF337C1989CC350003FEFF /* Resources */ = {
			isa = PBXResourcesBuildPhase;
			buildActionMask = 2147483647;
			files = (
				BEEF338A1989CC350003FEFF /* InfoPlist.strings in Resources */,
			);
			runOnlyForDeploymentPostprocessing = 0;
		};
/* End PBXResourcesBuildPhase section */

/* Begin PBXSourcesBuildPhase section */
		BEEF33591989CC350003FEFF /* Sources */ = {
			isa = PBXSourcesBuildPhase;
			buildActionMask = 2147483647;
			files = (
				BEEF33771989CC350003FEFF /* ViewController.m in Sources */,
				BEEF33711989CC350003FEFF /* AppDelegate.m in Sources */,
				BEEF336D1989CC350003FEFF /* main.m in Sources */,
			);
			runOnlyForDeploymentPostprocessing = 0;
		};
		BEEF337A1989CC350003FEFF /* Sources */ = {
			isa = PBXSourcesBuildPhase;
			buildActionMask = 2147483647;
			files = (
				BEEF338C1989CC350003FEFF /* Tap_MeTests.m in Sources */,
			);
			runOnlyForDeploymentPostprocessing = 0;
		};
/* End PBXSourcesBuildPhase section */

/* Begin PBXTargetDependency section */
		BEEF33841989CC350003FEFF /* PBXTargetDependency */ = {
			isa = PBXTargetDependency;
			target = BEEF335C1989CC350003FEFF /* Tap Me */;
			targetProxy = BEEF33831989CC350003FEFF /* PBXContainerItemProxy */;
		};
/* End PBXTargetDependency section */

/* Begin PBXVariantGroup section */
		BEEF33691989CC350003FEFF /* InfoPlist.strings */ = {
			isa = PBXVariantGroup;
			children = (
				BEEF336A1989CC350003FEFF /* en */,
			);
			name = InfoPlist.strings;
			sourceTree = "<group>";
		};
		BEEF33721989CC350003FEFF /* Main.storyboard */ = {
			isa = PBXVariantGroup;
			children = (
				BEEF33731989CC350003FEFF /* Base */,
			);
			name = Main.storyboard;
			sourceTree = "<group>";
		};
		BEEF33881989CC350003FEFF /* InfoPlist.strings */ = {
			isa = PBXVariantGroup;
			children = (
				BEEF33891989CC350003FEFF /* en */,
			);
			name = InfoPlist.strings;
			sourceTree = "<group>";
		};
/* End PBXVariantGroup section */

/* Begin XCBuildConfiguration section */
		BEEF338D1989CC350003FEFF /* Debug */ = {
			isa = XCBuildConfiguration;
			buildSettings = {
				ALWAYS_SEARCH_USER_PATHS = NO;
				CLANG_CXX_LANGUAGE_STANDARD = "gnu++0x";
				CLANG_CXX_LIBRARY = "libc++";
				CLANG_ENABLE_MODULES = YES;
				CLANG_ENABLE_OBJC_ARC = YES;
				CLANG_WARN_BOOL_CONVERSION = YES;
				CLANG_WARN_CONSTANT_CONVERSION = YES;
				CLANG_WARN_DIRECT_OBJC_ISA_USAGE = YES_ERROR;
				CLANG_WARN_EMPTY_BODY = YES;
				CLANG_WARN_ENUM_CONVERSION = YES;
				CLANG_WARN_INT_CONVERSION = YES;
				CLANG_WARN_OBJC_ROOT_CLASS = YES_ERROR;
				CLANG_WARN__DUPLICATE_METHOD_MATCH = YES;
				"CODE_SIGN_IDENTITY[sdk=iphoneos*]" = "iPhone Developer";
				COPY_PHASE_STRIP = NO;
				GCC_C_LANGUAGE_STANDARD = gnu99;
				GCC_DYNAMIC_NO_PIC = NO;
				GCC_OPTIMIZATION_LEVEL = 0;
				GCC_PREPROCESSOR_DEFINITIONS = (
					"DEBUG=1",
					"$(inherited)",
				);
				GCC_SYMBOLS_PRIVATE_EXTERN = NO;
				GCC_WARN_64_TO_32_BIT_CONVERSION = YES;
				GCC_WARN_ABOUT_RETURN_TYPE = YES_ERROR;
				GCC_WARN_UNDECLARED_SELECTOR = YES;
				GCC_WARN_UNINITIALIZED_AUTOS = YES_AGGRESSIVE;
				GCC_WARN_UNUSED_FUNCTION = YES;
				GCC_WARN_UNUSED_VARIABLE = YES;
				IPHONEOS_DEPLOYMENT_TARGET = 7.1;
				ONLY_ACTIVE_ARCH = YES;
				SDKROOT = iphoneos;
			};
			name = Debug;
		};
		BEEF338E1989CC350003FEFF /* Release */ = {
			isa = XCBuildConfiguration;
			buildSettings = {
				ALWAYS_SEARCH_USER_PATHS = NO;
				CLANG_CXX_LANGUAGE_STANDARD = "gnu++0x";
				CLANG_CXX_LIBRARY = "libc++";
				CLANG_ENABLE_MODULES = YES;
				CLANG_ENABLE_OBJC_ARC = YES;
				CLANG_WARN_BOOL_CONVERSION = YES;
				CLANG_WARN_CONSTANT_CONVERSION = YES;
				CLANG_WARN_DIRECT_OBJC_ISA_USAGE = YES_ERROR;
				CLANG_WARN_EMPTY_BODY = YES;
				CLANG_WARN_ENUM_CONVERSION = YES;
				CLANG_WARN_INT_CONVERSION = YES;
				CLANG_WARN_OBJC_ROOT_CLASS = YES_ERROR;
				CLANG_WARN__DUPLICATE_METHOD_MATCH = YES;
				"CODE_SIGN_IDENTITY[sdk=iphoneos*]" = "iPhone Developer";
				COPY_PHASE_STRIP = YES;
				ENABLE_NS_ASSERTIONS = NO;
				GCC_C_LANGUAGE_STANDARD = gnu99;
				GCC_WARN_64_TO_32_BIT_CONVERSION = YES;
				GCC_WARN_ABOUT_RETURN_TYPE = YES_ERROR;
				GCC_WARN_UNDECLARED_SELECTOR = YES;
				GCC_WARN_UNINITIALIZED_AUTOS = YES_AGGRESSIVE;
				GCC_WARN_UNUSED_FUNCTION = YES;
				GCC_WARN_UNUSED_VARIABLE = YES;
				IPHONEOS_DEPLOYMENT_TARGET = 7.1;
				SDKROOT = iphoneos;
				VALIDATE_PRODUCT = YES;
			};
			name = Release;
		};
		BEEF33901989CC350003FEFF /* Debug */ = {
			isa = XCBuildConfiguration;
			buildSettings = {
				ASSETCATALOG_COMPILER_APPICON_NAME = AppIcon;
				ASSETCATALOG_COMPILER_LAUNCHIMAGE_NAME = LaunchImage;
				GCC_PRECOMPILE_PREFIX_HEADER = YES;
				GCC_PREFIX_HEADER = "Tap Me/Tap Me-Prefix.pch";
				INFOPLIST_FILE = "Tap Me/Tap Me-Info.plist";
				PRODUCT_NAME = "$(TARGET_NAME)";
				WRAPPER_EXTENSION = app;
			};
			name = Debug;
		};
		BEEF33911989CC350003FEFF /* Release */ = {
			isa = XCBuildConfiguration;
			buildSettings = {
				ASSETCATALOG_COMPILER_APPICON_NAME = AppIcon;
				ASSETCATALOG_COMPILER_LAUNCHIMAGE_NAME = LaunchImage;
				GCC_PRECOMPILE_PREFIX_HEADER = YES;
				GCC_PREFIX_HEADER = "Tap Me/Tap Me-Prefix.pch";
				INFOPLIST_FILE = "Tap Me/Tap Me-Info.plist";
				PRODUCT_NAME = "$(TARGET_NAME)";
				WRAPPER_EXTENSION = app;
			};
			name = Release;
		};
		BEEF33931989CC350003FEFF /* Debug */ = {
			isa = XCBuildConfiguration;
			buildSettings = {
				BUNDLE_LOADER = "$(BUILT_PRODUCTS_DIR)/Tap Me.app/Tap Me";
				FRAMEWORK_SEARCH_PATHS = (
					"$(SDKROOT)/Developer/Library/Frameworks",
					"$(inherited)",
					"$(DEVELOPER_FRAMEWORKS_DIR)",
				);
				GCC_PRECOMPILE_PREFIX_HEADER = YES;
				GCC_PREFIX_HEADER = "Tap Me/Tap Me-Prefix.pch";
				GCC_PREPROCESSOR_DEFINITIONS = (
					"DEBUG=1",
					"$(inherited)",
				);
				INFOPLIST_FILE = "Tap MeTests/Tap MeTests-Info.plist";
				PRODUCT_NAME = "$(TARGET_NAME)";
				TEST_HOST = "$(BUNDLE_LOADER)";
				WRAPPER_EXTENSION = xctest;
			};
			name = Debug;
		};
		BEEF33941989CC350003FEFF /* Release */ = {
			isa = XCBuildConfiguration;
			buildSettings = {
				BUNDLE_LOADER = "$(BUILT_PRODUCTS_DIR)/Tap Me.app/Tap Me";
				FRAMEWORK_SEARCH_PATHS = (
					"$(SDKROOT)/Developer/Library/Frameworks",
					"$(inherited)",
					"$(DEVELOPER_FRAMEWORKS_DIR)",
				);
				GCC_PRECOMPILE_PREFIX_HEADER = YES;
				GCC_PREFIX_HEADER = "Tap Me/Tap Me-Prefix.pch";
				INFOPLIST_FILE = "Tap MeTests/Tap MeTests-Info.plist";
				PRODUCT_NAME = "$(TARGET_NAME)";
				TEST_HOST = "$(BUNDLE_LOADER)";
				WRAPPER_EXTENSION = xctest;
			};
			name = Release;
		};
/* End XCBuildConfiguration section */

/* Begin XCConfigurationList section */
		BEEF33581989CC350003FEFF /* Build configuration list for PBXProject "Tap Me" */ = {
			isa = XCConfigurationList;
			buildConfigurations = (
				BEEF338D1989CC350003FEFF /* Debug */,
				BEEF338E1989CC350003FEFF /* Release */,
			);
			defaultConfigurationIsVisible = 0;
			defaultConfigurationName = Release;
		};
		BEEF338F1989CC350003FEFF /* Build configuration list for PBXNativeTarget "Tap Me" */ = {
			isa = XCConfigurationList;
			buildConfigurations = (
				BEEF33901989CC350003FEFF /* Debug */,
				BEEF33911989CC350003FEFF /* Release */,
			);
			defaultConfigurationIsVisible = 0;
		};
		BEEF33921989CC350003FEFF /* Build configuration list for PBXNativeTarget "Tap MeTests" */ = {
			isa = XCConfigurationList;
			buildConfigurations = (
				BEEF33931989CC350003FEFF /* Debug */,
				BEEF33941989CC350003FEFF /* Release */,
			);
			defaultConfigurationIsVisible = 0;
		};
/* End XCConfigurationList section */
	};
	rootObject = BEEF33551989CC350003FEFF /* Project object */;
}
